// !$*UTF8*$!
{
	archiveVersion = 1;
	classes = {
	};
	objectVersion = 77;
	objects = {

/* Begin PBXBuildFile section */
		5F19A80C2DEF018600D52D33 /* hooks.framework in Frameworks */ = {isa = PBXBuildFile; fileRef = 5F19A8062DEF018500D52D33 /* hooks.framework */; };
		5F19A80D2DEF018600D52D33 /* hooks.framework in Embed Frameworks */ = {isa = PBXBuildFile; fileRef = 5F19A8062DEF018500D52D33 /* hooks.framework */; settings = {ATTRIBUTES = (CodeSignOnCopy, RemoveHeadersOnCopy, ); }; };
		5F4904CF2DFE4BEB00D56F9D /* SwiftTerm.framework in Frameworks */ = {isa = PBXBuildFile; fileRef = 5F4904CC2DFE4BE600D56F9D /* SwiftTerm.framework */; };
		5F4904D02DFE4BEB00D56F9D /* SwiftTerm.framework in Embed Frameworks */ = {isa = PBXBuildFile; fileRef = 5F4904CC2DFE4BE600D56F9D /* SwiftTerm.framework */; settings = {ATTRIBUTES = (CodeSignOnCopy, RemoveHeadersOnCopy, ); }; };
		5F4908A02E07E5BE00D56F9D /* libobjsee-static.a in Frameworks */ = {isa = PBXBuildFile; fileRef = 5F49089F2E07E5BE00D56F9D /* libobjsee-static.a */; };
		5F7514132DD970FA005BAFA7 /* ServiceManagement.framework in Frameworks */ = {isa = PBXBuildFile; fileRef = 5F7514122DD970FA005BAFA7 /* ServiceManagement.framework */; };
		5F75141A2DD97D46005BAFA7 /* com.objc.simulator-trainer.SimRuntimeHelper in CopyFiles */ = {isa = PBXBuildFile; fileRef = 5F0DDBC72DD9468700F6A709 /* com.objc.simulator-trainer.SimRuntimeHelper */; settings = {ATTRIBUTES = (CodeSignOnCopy, ); }; };
/* End PBXBuildFile section */

/* Begin PBXContainerItemProxy section */
		5F19A80A2DEF018600D52D33 /* PBXContainerItemProxy */ = {
			isa = PBXContainerItemProxy;
			containerPortal = 5FC346CD2DC0A55100572D7F /* Project object */;
			proxyType = 1;
			remoteGlobalIDString = 5F19A8052DEF018500D52D33;
			remoteInfo = hooks;
		};
		5F7514142DD973FE005BAFA7 /* PBXContainerItemProxy */ = {
			isa = PBXContainerItemProxy;
			containerPortal = 5FC346CD2DC0A55100572D7F /* Project object */;
			proxyType = 1;
			remoteGlobalIDString = 5F0DDBC62DD9468700F6A709;
			remoteInfo = SimRuntimeHelper;
		};
/* End PBXContainerItemProxy section */

/* Begin PBXCopyFilesBuildPhase section */
		5F0DDBC52DD9468700F6A709 /* CopyFiles */ = {
			isa = PBXCopyFilesBuildPhase;
			buildActionMask = 2147483647;
			dstPath = /usr/share/man/man1/;
			dstSubfolderSpec = 0;
			files = (
			);
			runOnlyForDeploymentPostprocessing = 1;
		};
		5F19A8122DEF018600D52D33 /* Embed Frameworks */ = {
			isa = PBXCopyFilesBuildPhase;
			buildActionMask = 2147483647;
			dstPath = "";
			dstSubfolderSpec = 10;
			files = (
				5F4904D02DFE4BEB00D56F9D /* SwiftTerm.framework in Embed Frameworks */,
				5F19A80D2DEF018600D52D33 /* hooks.framework in Embed Frameworks */,
			);
			name = "Embed Frameworks";
			runOnlyForDeploymentPostprocessing = 0;
		};
		5F7514162DD9789F005BAFA7 /* CopyFiles */ = {
			isa = PBXCopyFilesBuildPhase;
			buildActionMask = 2147483647;
			dstPath = Contents/Library/LaunchServices;
			dstSubfolderSpec = 1;
			files = (
				5F75141A2DD97D46005BAFA7 /* com.objc.simulator-trainer.SimRuntimeHelper in CopyFiles */,
			);
			runOnlyForDeploymentPostprocessing = 0;
		};
/* End PBXCopyFilesBuildPhase section */

/* Begin PBXFileReference section */
		5F0DDBC72DD9468700F6A709 /* com.objc.simulator-trainer.SimRuntimeHelper */ = {isa = PBXFileReference; explicitFileType = "compiled.mach-o.executable"; includeInIndex = 0; path = "com.objc.simulator-trainer.SimRuntimeHelper"; sourceTree = BUILT_PRODUCTS_DIR; };
		5F19A8062DEF018500D52D33 /* hooks.framework */ = {isa = PBXFileReference; explicitFileType = wrapper.framework; includeInIndex = 0; path = hooks.framework; sourceTree = BUILT_PRODUCTS_DIR; };
		5F4904CC2DFE4BE600D56F9D /* SwiftTerm.framework */ = {isa = PBXFileReference; lastKnownFileType = wrapper.framework; path = SwiftTerm.framework; sourceTree = "<group>"; };
		5F49089E2E07E5A300D56F9D /* libobjsee-static.a */ = {isa = PBXFileReference; lastKnownFileType = archive.ar; name = "libobjsee-static.a"; path = "external/libobjsee-static.a"; sourceTree = "<group>"; };
		5F49089F2E07E5BE00D56F9D /* libobjsee-static.a */ = {isa = PBXFileReference; lastKnownFileType = archive.ar; path = "libobjsee-static.a"; sourceTree = "<group>"; };
		5F7514122DD970FA005BAFA7 /* ServiceManagement.framework */ = {isa = PBXFileReference; lastKnownFileType = wrapper.framework; name = ServiceManagement.framework; path = System/Library/Frameworks/ServiceManagement.framework; sourceTree = SDKROOT; };
		5FC346D52DC0A55100572D7F /* simulator-trainer.app */ = {isa = PBXFileReference; explicitFileType = wrapper.application; includeInIndex = 0; path = "simulator-trainer.app"; sourceTree = BUILT_PRODUCTS_DIR; };
/* End PBXFileReference section */

/* Begin PBXFileSystemSynchronizedBuildFileExceptionSet section */
		5F19A8112DEF018600D52D33 /* Exceptions for "hooks" folder in "hooks" target */ = {
			isa = PBXFileSystemSynchronizedBuildFileExceptionSet;
			publicHeaders = (
				hooks.h,
			);
			target = 5F19A8052DEF018500D52D33 /* hooks */;
		};
		5F75140D2DD95F8C005BAFA7 /* Exceptions for "simulator-trainer" folder in "SimRuntimeHelper" target */ = {
			isa = PBXFileSystemSynchronizedBuildFileExceptionSet;
			membershipExceptions = (
				Common/CommandRunner.m,
				Common/Injection/AppBinaryPatcher.m,
				Common/Injection/tmpfs_overlay.c,
				Common/SimLogging.m,
				PrivilegedHelper/SimInjectionOptions.m,
				PrivilegedHelper/SimRuntimeHelperProtocol.m,
				SimDevices/BootedSimulatorWrapper.m,
				SimDevices/SimDeviceManager.m,
				SimDevices/SimulatorOrchestrationService.m,
				SimDevices/SimulatorWrapper.m,
			);
			target = 5F0DDBC62DD9468700F6A709 /* SimRuntimeHelper */;
		};
		5FC347232DC1CB1200572D7F /* Exceptions for "simulator-trainer" folder in "simulator-trainer" target */ = {
			isa = PBXFileSystemSynchronizedBuildFileExceptionSet;
			membershipExceptions = (
				Info.plist,
				"Supporting Files/bootstrap/cycript_server.dylib",
				"Supporting Files/bootstrap/CydiaSubstrate",
				"Supporting Files/bootstrap/FLEX.dylib",
				"Supporting Files/bootstrap/libcycript_mac.dylib",
				"Supporting Files/bootstrap/libcycript.dylib",
				"Supporting Files/bootstrap/libhooker.dylib",
				"Supporting Files/bootstrap/libobjsee.dylib",
				"Supporting Files/bootstrap/libsubstrate.dylib",
				"Supporting Files/bootstrap/loader.dylib",
			);
			target = 5FC346D42DC0A55100572D7F /* simulator-trainer */;
		};
/* End PBXFileSystemSynchronizedBuildFileExceptionSet section */

/* Begin PBXFileSystemSynchronizedGroupBuildPhaseMembershipExceptionSet section */
		5FC347252DC1CB1C00572D7F /* Exceptions for "simulator-trainer" folder in "Copy Bundle Resources" phase from "simulator-trainer" target */ = {
			isa = PBXFileSystemSynchronizedGroupBuildPhaseMembershipExceptionSet;
			buildPhase = 5FC346D32DC0A55100572D7F /* Resources */;
			membershipExceptions = (
				"Supporting Files/bootstrap/cycript_server.dylib",
				"Supporting Files/bootstrap/CydiaSubstrate",
				"Supporting Files/bootstrap/FLEX.dylib",
				"Supporting Files/bootstrap/libcycript.dylib",
				"Supporting Files/bootstrap/libhooker.dylib",
				"Supporting Files/bootstrap/libobjsee.dylib",
				"Supporting Files/bootstrap/libsubstrate.dylib",
				"Supporting Files/bootstrap/loader.dylib",
			);
		};
/* End PBXFileSystemSynchronizedGroupBuildPhaseMembershipExceptionSet section */

/* Begin PBXFileSystemSynchronizedRootGroup section */
		5F0DDBC82DD9468700F6A709 /* SimRuntimeHelper */ = {
			isa = PBXFileSystemSynchronizedRootGroup;
			explicitFileTypes = {
				"SimRuntimeHelper-launchd.plist" = text.plist.xml;
			};
			path = SimRuntimeHelper;
			sourceTree = "<group>";
		};
		5F19A8072DEF018600D52D33 /* hooks */ = {
			isa = PBXFileSystemSynchronizedRootGroup;
			exceptions = (
				5F19A8112DEF018600D52D33 /* Exceptions for "hooks" folder in "hooks" target */,
			);
			path = hooks;
			sourceTree = "<group>";
		};
		5FC346D72DC0A55100572D7F /* simulator-trainer */ = {
			isa = PBXFileSystemSynchronizedRootGroup;
			exceptions = (
				5FC347232DC1CB1200572D7F /* Exceptions for "simulator-trainer" folder in "simulator-trainer" target */,
				5FC347252DC1CB1C00572D7F /* Exceptions for "simulator-trainer" folder in "Copy Bundle Resources" phase from "simulator-trainer" target */,
				5F75140D2DD95F8C005BAFA7 /* Exceptions for "simulator-trainer" folder in "SimRuntimeHelper" target */,
			);
			path = "simulator-trainer";
			sourceTree = "<group>";
		};
/* End PBXFileSystemSynchronizedRootGroup section */

/* Begin PBXFrameworksBuildPhase section */
		5F0DDBC42DD9468700F6A709 /* Frameworks */ = {
			isa = PBXFrameworksBuildPhase;
			buildActionMask = 2147483647;
			files = (
			);
			runOnlyForDeploymentPostprocessing = 0;
		};
		5F19A8032DEF018500D52D33 /* Frameworks */ = {
			isa = PBXFrameworksBuildPhase;
			buildActionMask = 2147483647;
			files = (
			);
			runOnlyForDeploymentPostprocessing = 0;
		};
		5FC346D22DC0A55100572D7F /* Frameworks */ = {
			isa = PBXFrameworksBuildPhase;
			buildActionMask = 2147483647;
			files = (
				5F19A80C2DEF018600D52D33 /* hooks.framework in Frameworks */,
				5F4908A02E07E5BE00D56F9D /* libobjsee-static.a in Frameworks */,
				5F7514132DD970FA005BAFA7 /* ServiceManagement.framework in Frameworks */,
				5F4904CF2DFE4BEB00D56F9D /* SwiftTerm.framework in Frameworks */,
			);
			runOnlyForDeploymentPostprocessing = 0;
		};
/* End PBXFrameworksBuildPhase section */

/* Begin PBXGroup section */
		5F4904CD2DFE4BE600D56F9D /* external */ = {
			isa = PBXGroup;
			children = (
				5F4904CC2DFE4BE600D56F9D /* SwiftTerm.framework */,
				5F49089F2E07E5BE00D56F9D /* libobjsee-static.a */,
			);
			path = external;
			sourceTree = "<group>";
		};
		5F7514112DD970F9005BAFA7 /* Frameworks */ = {
			isa = PBXGroup;
			children = (
				5F49089E2E07E5A300D56F9D /* libobjsee-static.a */,
				5F7514122DD970FA005BAFA7 /* ServiceManagement.framework */,
			);
			name = Frameworks;
			sourceTree = "<group>";
		};
		5FC346CC2DC0A55100572D7F = {
			isa = PBXGroup;
			children = (
				5F4904CD2DFE4BE600D56F9D /* external */,
				5FC346D72DC0A55100572D7F /* simulator-trainer */,
				5F0DDBC82DD9468700F6A709 /* SimRuntimeHelper */,
				5F19A8072DEF018600D52D33 /* hooks */,
				5F7514112DD970F9005BAFA7 /* Frameworks */,
				5FC346D62DC0A55100572D7F /* Products */,
			);
			sourceTree = "<group>";
		};
		5FC346D62DC0A55100572D7F /* Products */ = {
			isa = PBXGroup;
			children = (
				5FC346D52DC0A55100572D7F /* simulator-trainer.app */,
				5F0DDBC72DD9468700F6A709 /* com.objc.simulator-trainer.SimRuntimeHelper */,
				5F19A8062DEF018500D52D33 /* hooks.framework */,
			);
			name = Products;
			sourceTree = "<group>";
		};
/* End PBXGroup section */

/* Begin PBXHeadersBuildPhase section */
		5F19A8012DEF018500D52D33 /* Headers */ = {
			isa = PBXHeadersBuildPhase;
			buildActionMask = 2147483647;
			files = (
			);
			runOnlyForDeploymentPostprocessing = 0;
		};
/* End PBXHeadersBuildPhase section */

/* Begin PBXNativeTarget section */
		5F0DDBC62DD9468700F6A709 /* SimRuntimeHelper */ = {
			isa = PBXNativeTarget;
			buildConfigurationList = 5F0DDBCD2DD9468700F6A709 /* Build configuration list for PBXNativeTarget "SimRuntimeHelper" */;
			buildPhases = (
				5F0DDBC32DD9468700F6A709 /* Sources */,
				5F0DDBC42DD9468700F6A709 /* Frameworks */,
				5F0DDBC52DD9468700F6A709 /* CopyFiles */,
			);
			buildRules = (
			);
			dependencies = (
			);
			fileSystemSynchronizedGroups = (
				5F0DDBC82DD9468700F6A709 /* SimRuntimeHelper */,
			);
			name = SimRuntimeHelper;
			packageProductDependencies = (
			);
			productName = SimRuntimeHelper;
			productReference = 5F0DDBC72DD9468700F6A709 /* com.objc.simulator-trainer.SimRuntimeHelper */;
			productType = "com.apple.product-type.tool";
		};
		5F19A8052DEF018500D52D33 /* hooks */ = {
			isa = PBXNativeTarget;
			buildConfigurationList = 5F19A80E2DEF018600D52D33 /* Build configuration list for PBXNativeTarget "hooks" */;
			buildPhases = (
				5F19A8012DEF018500D52D33 /* Headers */,
				5F19A8022DEF018500D52D33 /* Sources */,
				5F19A8032DEF018500D52D33 /* Frameworks */,
				5F19A8042DEF018500D52D33 /* Resources */,
			);
			buildRules = (
			);
			dependencies = (
			);
			fileSystemSynchronizedGroups = (
				5F19A8072DEF018600D52D33 /* hooks */,
			);
			name = hooks;
			packageProductDependencies = (
			);
			productName = hooks;
			productReference = 5F19A8062DEF018500D52D33 /* hooks.framework */;
			productType = "com.apple.product-type.framework";
		};
		5FC346D42DC0A55100572D7F /* simulator-trainer */ = {
			isa = PBXNativeTarget;
			buildConfigurationList = 5FC346E82DC0A55400572D7F /* Build configuration list for PBXNativeTarget "simulator-trainer" */;
			buildPhases = (
				5FC346D12DC0A55100572D7F /* Sources */,
				5FC346D22DC0A55100572D7F /* Frameworks */,
				5FC346D32DC0A55100572D7F /* Resources */,
				5F7514162DD9789F005BAFA7 /* CopyFiles */,
				5F19A8122DEF018600D52D33 /* Embed Frameworks */,
				5F20A5822E2305DA00A0FDC9 /* ShellScript */,
			);
			buildRules = (
			);
			dependencies = (
				5F7514152DD973FE005BAFA7 /* PBXTargetDependency */,
				5F19A80B2DEF018600D52D33 /* PBXTargetDependency */,
			);
			fileSystemSynchronizedGroups = (
				5FC346D72DC0A55100572D7F /* simulator-trainer */,
			);
			name = "simulator-trainer";
			packageProductDependencies = (
			);
			productName = "simulator-trainer";
			productReference = 5FC346D52DC0A55100572D7F /* simulator-trainer.app */;
			productType = "com.apple.product-type.application";
		};
/* End PBXNativeTarget section */

/* Begin PBXProject section */
		5FC346CD2DC0A55100572D7F /* Project object */ = {
			isa = PBXProject;
			attributes = {
				BuildIndependentTargetsInParallel = 1;
				LastUpgradeCheck = 1620;
				TargetAttributes = {
					5F0DDBC62DD9468700F6A709 = {
						CreatedOnToolsVersion = 16.2;
					};
					5F19A8052DEF018500D52D33 = {
						CreatedOnToolsVersion = 16.2;
					};
					5FC346D42DC0A55100572D7F = {
						CreatedOnToolsVersion = 16.2;
					};
				};
			};
			buildConfigurationList = 5FC346D02DC0A55100572D7F /* Build configuration list for PBXProject "simulator-trainer" */;
			developmentRegion = en;
			hasScannedForEncodings = 0;
			knownRegions = (
				en,
				Base,
			);
			mainGroup = 5FC346CC2DC0A55100572D7F;
			minimizedProjectReferenceProxies = 1;
			packageReferences = (
			);
			preferredProjectObjectVersion = 77;
			productRefGroup = 5FC346D62DC0A55100572D7F /* Products */;
			projectDirPath = "";
			projectRoot = "";
			targets = (
				5FC346D42DC0A55100572D7F /* simulator-trainer */,
				5F0DDBC62DD9468700F6A709 /* SimRuntimeHelper */,
				5F19A8052DEF018500D52D33 /* hooks */,
			);
		};
/* End PBXProject section */

/* Begin PBXResourcesBuildPhase section */
		5F19A8042DEF018500D52D33 /* Resources */ = {
			isa = PBXResourcesBuildPhase;
			buildActionMask = 2147483647;
			files = (
			);
			runOnlyForDeploymentPostprocessing = 0;
		};
		5FC346D32DC0A55100572D7F /* Resources */ = {
			isa = PBXResourcesBuildPhase;
			buildActionMask = 2147483647;
			files = (
			);
			runOnlyForDeploymentPostprocessing = 0;
		};
/* End PBXResourcesBuildPhase section */

/* Begin PBXShellScriptBuildPhase section */
		5F20A5822E2305DA00A0FDC9 /* ShellScript */ = {
			isa = PBXShellScriptBuildPhase;
			buildActionMask = 2147483647;
			files = (
			);
			inputFileListPaths = (
			);
			inputPaths = (
			);
			outputFileListPaths = (
			);
			outputPaths = (
			);
			runOnlyForDeploymentPostprocessing = 0;
			shellPath = /bin/sh;
			shellScript = "python3 SMJobBlessUtil.py setreq $BUILT_PRODUCTS_DIR/simulator-trainer.app $BUILT_PRODUCTS_DIR/simulator-trainer.app/Contents/Info.plist $PROJECT_DIR/SimRuntimeHelper/SimRuntimeHelper-Info.plist\n\ncp $BUILT_PRODUCTS_DIR/simulator-trainer.app/Contents/Info.plist $PROJECT_DIR/simulator-trainer/Info.plist\n";
		};
/* End PBXShellScriptBuildPhase section */

/* Begin PBXSourcesBuildPhase section */
		5F0DDBC32DD9468700F6A709 /* Sources */ = {
			isa = PBXSourcesBuildPhase;
			buildActionMask = 2147483647;
			files = (
			);
			runOnlyForDeploymentPostprocessing = 0;
		};
		5F19A8022DEF018500D52D33 /* Sources */ = {
			isa = PBXSourcesBuildPhase;
			buildActionMask = 2147483647;
			files = (
			);
			runOnlyForDeploymentPostprocessing = 0;
		};
		5FC346D12DC0A55100572D7F /* Sources */ = {
			isa = PBXSourcesBuildPhase;
			buildActionMask = 2147483647;
			files = (
			);
			runOnlyForDeploymentPostprocessing = 0;
		};
/* End PBXSourcesBuildPhase section */

/* Begin PBXTargetDependency section */
		5F19A80B2DEF018600D52D33 /* PBXTargetDependency */ = {
			isa = PBXTargetDependency;
			target = 5F19A8052DEF018500D52D33 /* hooks */;
			targetProxy = 5F19A80A2DEF018600D52D33 /* PBXContainerItemProxy */;
		};
		5F7514152DD973FE005BAFA7 /* PBXTargetDependency */ = {
			isa = PBXTargetDependency;
			target = 5F0DDBC62DD9468700F6A709 /* SimRuntimeHelper */;
			targetProxy = 5F7514142DD973FE005BAFA7 /* PBXContainerItemProxy */;
		};
/* End PBXTargetDependency section */

/* Begin XCBuildConfiguration section */
		5F0DDBCB2DD9468700F6A709 /* Debug */ = {
			isa = XCBuildConfiguration;
			buildSettings = {
				CODE_SIGN_ENTITLEMENTS = SimRuntimeHelper/SimRuntimeHelper.entitlements;
				CODE_SIGN_IDENTITY = "Developer ID Application";
				"CODE_SIGN_IDENTITY[sdk=macosx*]" = "Apple Development";
				CODE_SIGN_STYLE = Automatic;
				DEVELOPMENT_TEAM = 44L979X757;
				ENABLE_HARDENED_RUNTIME = NO;
				INFOPLIST_FILE = "SimRuntimeHelper/SimRuntimeHelper-Info.plist";
				OTHER_LDFLAGS = (
					"-sectcreate",
					__TEXT,
					__info_plist,
					"SimRuntimeHelper/SimRuntimeHelper-Info.plist",
					"-sectcreate",
					__TEXT,
					__launchd_plist,
					"SimRuntimeHelper/SimRuntimeHelper-launchd.plist",
				);
				PRODUCT_NAME = "com.objc.simulator-trainer.SimRuntimeHelper";
				PROVISIONING_PROFILE_SPECIFIER = "";
				SKIP_INSTALL = YES;
			};
			name = Debug;
		};
		5F0DDBCC2DD9468700F6A709 /* Release */ = {
			isa = XCBuildConfiguration;
			buildSettings = {
				CODE_SIGN_ENTITLEMENTS = SimRuntimeHelper/SimRuntimeHelper.entitlements;
				CODE_SIGN_IDENTITY = "Developer ID Application";
				"CODE_SIGN_IDENTITY[sdk=macosx*]" = "Apple Development";
				CODE_SIGN_STYLE = Automatic;
				DEVELOPMENT_TEAM = 44L979X757;
				ENABLE_HARDENED_RUNTIME = NO;
				INFOPLIST_FILE = "SimRuntimeHelper/SimRuntimeHelper-Info.plist";
				OTHER_LDFLAGS = (
					"-sectcreate",
					__TEXT,
					__info_plist,
					"SimRuntimeHelper/SimRuntimeHelper-Info.plist",
					"-sectcreate",
					__TEXT,
					__launchd_plist,
					"SimRuntimeHelper/SimRuntimeHelper-launchd.plist",
				);
				PRODUCT_NAME = "com.objc.simulator-trainer.SimRuntimeHelper";
				PROVISIONING_PROFILE_SPECIFIER = "";
				SKIP_INSTALL = YES;
			};
			name = Release;
		};
		5F19A80F2DEF018600D52D33 /* Debug */ = {
			isa = XCBuildConfiguration;
			buildSettings = {
				CODE_SIGN_IDENTITY = "Developer ID Application";
				"CODE_SIGN_IDENTITY[sdk=macosx*]" = "Apple Development";
				CODE_SIGN_STYLE = Manual;
				COMBINE_HIDPI_IMAGES = YES;
				CURRENT_PROJECT_VERSION = 1;
				DEFINES_MODULE = YES;
				DEVELOPMENT_TEAM = "";
				DYLIB_COMPATIBILITY_VERSION = 1;
				DYLIB_CURRENT_VERSION = 1;
				DYLIB_INSTALL_NAME_BASE = "@rpath";
				ENABLE_MODULE_VERIFIER = NO;
				GENERATE_INFOPLIST_FILE = YES;
				INFOPLIST_KEY_NSHumanReadableCopyright = "";
				INSTALL_PATH = "$(LOCAL_LIBRARY_DIR)/Frameworks";
				LD_RUNPATH_SEARCH_PATHS = (
					"$(inherited)",
					"@executable_path/../Frameworks",
					"@loader_path/Frameworks",
				);
				MARKETING_VERSION = 1.0;
				MODULE_VERIFIER_SUPPORTED_LANGUAGES = "objective-c objective-c++";
				MODULE_VERIFIER_SUPPORTED_LANGUAGE_STANDARDS = "gnu17 gnu++20";
				PRODUCT_BUNDLE_IDENTIFIER = com.objc.hooks;
				PRODUCT_NAME = "$(TARGET_NAME:c99extidentifier)";
				PROVISIONING_PROFILE_SPECIFIER = "";
				SKIP_INSTALL = YES;
				SWIFT_EMIT_LOC_STRINGS = YES;
				VERSIONING_SYSTEM = "apple-generic";
				VERSION_INFO_PREFIX = "";
			};
			name = Debug;
		};
		5F19A8102DEF018600D52D33 /* Release */ = {
			isa = XCBuildConfiguration;
			buildSettings = {
				CODE_SIGN_IDENTITY = "Developer ID Application";
				"CODE_SIGN_IDENTITY[sdk=macosx*]" = "Apple Development";
				CODE_SIGN_STYLE = Manual;
				COMBINE_HIDPI_IMAGES = YES;
				CURRENT_PROJECT_VERSION = 1;
				DEFINES_MODULE = YES;
				DEVELOPMENT_TEAM = "";
				DYLIB_COMPATIBILITY_VERSION = 1;
				DYLIB_CURRENT_VERSION = 1;
				DYLIB_INSTALL_NAME_BASE = "@rpath";
				ENABLE_MODULE_VERIFIER = NO;
				GENERATE_INFOPLIST_FILE = YES;
				INFOPLIST_KEY_NSHumanReadableCopyright = "";
				INSTALL_PATH = "$(LOCAL_LIBRARY_DIR)/Frameworks";
				LD_RUNPATH_SEARCH_PATHS = (
					"$(inherited)",
					"@executable_path/../Frameworks",
					"@loader_path/Frameworks",
				);
				MARKETING_VERSION = 1.0;
				MODULE_VERIFIER_SUPPORTED_LANGUAGES = "objective-c objective-c++";
				MODULE_VERIFIER_SUPPORTED_LANGUAGE_STANDARDS = "gnu17 gnu++20";
				PRODUCT_BUNDLE_IDENTIFIER = com.objc.hooks;
				PRODUCT_NAME = "$(TARGET_NAME:c99extidentifier)";
				PROVISIONING_PROFILE_SPECIFIER = "";
				SKIP_INSTALL = YES;
				SWIFT_EMIT_LOC_STRINGS = YES;
				VERSIONING_SYSTEM = "apple-generic";
				VERSION_INFO_PREFIX = "";
			};
			name = Release;
		};
		5FC346E62DC0A55400572D7F /* Debug */ = {
			isa = XCBuildConfiguration;
			buildSettings = {
				ALWAYS_SEARCH_USER_PATHS = NO;
				ASSETCATALOG_COMPILER_GENERATE_SWIFT_ASSET_SYMBOL_EXTENSIONS = YES;
				CLANG_ANALYZER_NONNULL = YES;
				CLANG_ANALYZER_NUMBER_OBJECT_CONVERSION = YES_AGGRESSIVE;
				CLANG_CXX_LANGUAGE_STANDARD = "gnu++20";
				CLANG_ENABLE_MODULES = YES;
				CLANG_ENABLE_OBJC_ARC = YES;
				CLANG_ENABLE_OBJC_WEAK = YES;
				CLANG_WARN_BLOCK_CAPTURE_AUTORELEASING = YES;
				CLANG_WARN_BOOL_CONVERSION = YES;
				CLANG_WARN_COMMA = YES;
				CLANG_WARN_CONSTANT_CONVERSION = YES;
				CLANG_WARN_DEPRECATED_OBJC_IMPLEMENTATIONS = YES;
				CLANG_WARN_DIRECT_OBJC_ISA_USAGE = YES_ERROR;
				CLANG_WARN_DOCUMENTATION_COMMENTS = YES;
				CLANG_WARN_EMPTY_BODY = YES;
				CLANG_WARN_ENUM_CONVERSION = YES;
				CLANG_WARN_INFINITE_RECURSION = YES;
				CLANG_WARN_INT_CONVERSION = YES;
				CLANG_WARN_NON_LITERAL_NULL_CONVERSION = YES;
				CLANG_WARN_OBJC_IMPLICIT_RETAIN_SELF = YES;
				CLANG_WARN_OBJC_LITERAL_CONVERSION = YES;
				CLANG_WARN_OBJC_ROOT_CLASS = YES_ERROR;
				CLANG_WARN_QUOTED_INCLUDE_IN_FRAMEWORK_HEADER = YES;
				CLANG_WARN_RANGE_LOOP_ANALYSIS = YES;
				CLANG_WARN_STRICT_PROTOTYPES = YES;
				CLANG_WARN_SUSPICIOUS_MOVE = YES;
				CLANG_WARN_UNGUARDED_AVAILABILITY = YES_AGGRESSIVE;
				CLANG_WARN_UNREACHABLE_CODE = YES;
				CLANG_WARN__DUPLICATE_METHOD_MATCH = YES;
				COPY_PHASE_STRIP = NO;
				DEBUG_INFORMATION_FORMAT = dwarf;
				ENABLE_STRICT_OBJC_MSGSEND = YES;
				ENABLE_TESTABILITY = YES;
				ENABLE_USER_SCRIPT_SANDBOXING = NO;
				GCC_C_LANGUAGE_STANDARD = gnu17;
				GCC_DYNAMIC_NO_PIC = NO;
				GCC_NO_COMMON_BLOCKS = YES;
				GCC_OPTIMIZATION_LEVEL = 0;
				GCC_PREPROCESSOR_DEFINITIONS = (
					"DEBUG=1",
					"$(inherited)",
				);
				GCC_WARN_64_TO_32_BIT_CONVERSION = YES;
				GCC_WARN_ABOUT_RETURN_TYPE = YES_ERROR;
				GCC_WARN_UNDECLARED_SELECTOR = YES;
				GCC_WARN_UNINITIALIZED_AUTOS = YES_AGGRESSIVE;
				GCC_WARN_UNUSED_FUNCTION = YES;
				GCC_WARN_UNUSED_VARIABLE = YES;
				GENERATE_INTERMEDIATE_TEXT_BASED_STUBS = NO;
				LOCALIZATION_PREFERS_STRING_CATALOGS = YES;
				MACOSX_DEPLOYMENT_TARGET = 15.2;
				MTL_ENABLE_DEBUG_INFO = INCLUDE_SOURCE;
				MTL_FAST_MATH = YES;
				ONLY_ACTIVE_ARCH = YES;
				SDKROOT = macosx;
			};
			name = Debug;
		};
		5FC346E72DC0A55400572D7F /* Release */ = {
			isa = XCBuildConfiguration;
			buildSettings = {
				ALWAYS_SEARCH_USER_PATHS = NO;
				ASSETCATALOG_COMPILER_GENERATE_SWIFT_ASSET_SYMBOL_EXTENSIONS = YES;
				CLANG_ANALYZER_NONNULL = YES;
				CLANG_ANALYZER_NUMBER_OBJECT_CONVERSION = YES_AGGRESSIVE;
				CLANG_CXX_LANGUAGE_STANDARD = "gnu++20";
				CLANG_ENABLE_MODULES = YES;
				CLANG_ENABLE_OBJC_ARC = YES;
				CLANG_ENABLE_OBJC_WEAK = YES;
				CLANG_WARN_BLOCK_CAPTURE_AUTORELEASING = YES;
				CLANG_WARN_BOOL_CONVERSION = YES;
				CLANG_WARN_COMMA = YES;
				CLANG_WARN_CONSTANT_CONVERSION = YES;
				CLANG_WARN_DEPRECATED_OBJC_IMPLEMENTATIONS = YES;
				CLANG_WARN_DIRECT_OBJC_ISA_USAGE = YES_ERROR;
				CLANG_WARN_DOCUMENTATION_COMMENTS = YES;
				CLANG_WARN_EMPTY_BODY = YES;
				CLANG_WARN_ENUM_CONVERSION = YES;
				CLANG_WARN_INFINITE_RECURSION = YES;
				CLANG_WARN_INT_CONVERSION = YES;
				CLANG_WARN_NON_LITERAL_NULL_CONVERSION = YES;
				CLANG_WARN_OBJC_IMPLICIT_RETAIN_SELF = YES;
				CLANG_WARN_OBJC_LITERAL_CONVERSION = YES;
				CLANG_WARN_OBJC_ROOT_CLASS = YES_ERROR;
				CLANG_WARN_QUOTED_INCLUDE_IN_FRAMEWORK_HEADER = YES;
				CLANG_WARN_RANGE_LOOP_ANALYSIS = YES;
				CLANG_WARN_STRICT_PROTOTYPES = YES;
				CLANG_WARN_SUSPICIOUS_MOVE = YES;
				CLANG_WARN_UNGUARDED_AVAILABILITY = YES_AGGRESSIVE;
				CLANG_WARN_UNREACHABLE_CODE = YES;
				CLANG_WARN__DUPLICATE_METHOD_MATCH = YES;
				COPY_PHASE_STRIP = NO;
				DEBUG_INFORMATION_FORMAT = "dwarf-with-dsym";
				ENABLE_NS_ASSERTIONS = NO;
				ENABLE_STRICT_OBJC_MSGSEND = YES;
				ENABLE_USER_SCRIPT_SANDBOXING = NO;
				GCC_C_LANGUAGE_STANDARD = gnu17;
				GCC_NO_COMMON_BLOCKS = YES;
				GCC_WARN_64_TO_32_BIT_CONVERSION = YES;
				GCC_WARN_ABOUT_RETURN_TYPE = YES_ERROR;
				GCC_WARN_UNDECLARED_SELECTOR = YES;
				GCC_WARN_UNINITIALIZED_AUTOS = YES_AGGRESSIVE;
				GCC_WARN_UNUSED_FUNCTION = YES;
				GCC_WARN_UNUSED_VARIABLE = YES;
				GENERATE_INTERMEDIATE_TEXT_BASED_STUBS = NO;
				LOCALIZATION_PREFERS_STRING_CATALOGS = YES;
				MACOSX_DEPLOYMENT_TARGET = 15.2;
				MTL_ENABLE_DEBUG_INFO = NO;
				MTL_FAST_MATH = YES;
				SDKROOT = macosx;
			};
			name = Release;
		};
		5FC346E92DC0A55400572D7F /* Debug */ = {
			isa = XCBuildConfiguration;
			buildSettings = {
				ASSETCATALOG_COMPILER_APPICON_NAME = AppIcon;
				ASSETCATALOG_COMPILER_GLOBAL_ACCENT_COLOR_NAME = AccentColor;
				ASSETCATALOG_COMPILER_INCLUDE_ALL_APPICON_ASSETS = YES;
				CLANG_ENABLE_MODULES = YES;
				CLANG_WARN_DOCUMENTATION_COMMENTS = NO;
				CODE_SIGN_ENTITLEMENTS = "simulator-trainer/Supporting Files/simulator_trainer.entitlements";
				CODE_SIGN_IDENTITY = "Developer ID Application";
				"CODE_SIGN_IDENTITY[sdk=macosx*]" = "Apple Development";
				CODE_SIGN_STYLE = Automatic;
				COMBINE_HIDPI_IMAGES = YES;
				CURRENT_PROJECT_VERSION = 1;
				DEVELOPMENT_TEAM = 44L979X757;
				ENABLE_HARDENED_RUNTIME = NO;
				ENABLE_STRICT_OBJC_MSGSEND = NO;
				FRAMEWORK_SEARCH_PATHS = (
					"$(inherited)",
					"$(SRCROOT)/external",
					"$(PROJECT_DIR)",
					"$(PROJECT_DIR)/external",
				);
				GCC_OPTIMIZATION_LEVEL = 1;
				GCC_WARN_ABOUT_DEPRECATED_FUNCTIONS = NO;
				GENERATE_INFOPLIST_FILE = YES;
				INFOPLIST_FILE = "simulator-trainer/Info.plist";
				INFOPLIST_KEY_LSApplicationCategoryType = "public.app-category.developer-tools";
				INFOPLIST_KEY_NSHumanReadableCopyright = "";
				INFOPLIST_KEY_NSMainStoryboardFile = Main;
				INFOPLIST_KEY_NSPrincipalClass = NSApplication;
				LD_RUNPATH_SEARCH_PATHS = (
					"$(inherited)",
					"@executable_path/../Frameworks",
				);
				LIBRARY_SEARCH_PATHS = (
					"$(inherited)",
					"$(PROJECT_DIR)/external",
					"$(PROJECT_DIR)/simulator-trainer/Supporting\\ Files/bootstrap",
				);
				MARKETING_VERSION = 1.0;
				PRODUCT_BUNDLE_IDENTIFIER = "com.objc.simulator-trainer.App";
				PRODUCT_NAME = "$(TARGET_NAME)";
				PROVISIONING_PROFILE_SPECIFIER = "";
				SWIFT_EMIT_LOC_STRINGS = YES;
			};
			name = Debug;
		};
		5FC346EA2DC0A55400572D7F /* Release */ = {
			isa = XCBuildConfiguration;
			buildSettings = {
				ASSETCATALOG_COMPILER_APPICON_NAME = AppIcon;
				ASSETCATALOG_COMPILER_GLOBAL_ACCENT_COLOR_NAME = AccentColor;
				ASSETCATALOG_COMPILER_INCLUDE_ALL_APPICON_ASSETS = YES;
				CLANG_ENABLE_MODULES = YES;
				CLANG_WARN_DOCUMENTATION_COMMENTS = NO;
				CODE_SIGN_ENTITLEMENTS = "simulator-trainer/Supporting Files/simulator_trainer.entitlements";
				CODE_SIGN_IDENTITY = "Developer ID Application";
				"CODE_SIGN_IDENTITY[sdk=macosx*]" = "Apple Development";
				CODE_SIGN_STYLE = Automatic;
				COMBINE_HIDPI_IMAGES = YES;
				CURRENT_PROJECT_VERSION = 1;
				DEVELOPMENT_TEAM = 44L979X757;
				ENABLE_HARDENED_RUNTIME = NO;
				ENABLE_STRICT_OBJC_MSGSEND = NO;
				FRAMEWORK_SEARCH_PATHS = (
					"$(inherited)",
					"$(SRCROOT)/external",
					"$(PROJECT_DIR)",
					"$(PROJECT_DIR)/external",
				);
				GCC_WARN_ABOUT_DEPRECATED_FUNCTIONS = NO;
				GENERATE_INFOPLIST_FILE = YES;
				INFOPLIST_FILE = "simulator-trainer/Info.plist";
				INFOPLIST_KEY_LSApplicationCategoryType = "public.app-category.developer-tools";
				INFOPLIST_KEY_NSHumanReadableCopyright = "";
				INFOPLIST_KEY_NSMainStoryboardFile = Main;
				INFOPLIST_KEY_NSPrincipalClass = NSApplication;
				LD_RUNPATH_SEARCH_PATHS = (
					"$(inherited)",
					"@executable_path/../Frameworks",
				);
				LIBRARY_SEARCH_PATHS = (
					"$(inherited)",
					"$(PROJECT_DIR)/external",
					"$(PROJECT_DIR)/simulator-trainer/Supporting\\ Files/bootstrap",
				);
				MARKETING_VERSION = 1.0;
				PRODUCT_BUNDLE_IDENTIFIER = "com.objc.simulator-trainer.App";
				PRODUCT_NAME = "$(TARGET_NAME)";
				PROVISIONING_PROFILE_SPECIFIER = "";
				SWIFT_EMIT_LOC_STRINGS = YES;
			};
			name = Release;
		};
/* End XCBuildConfiguration section */

/* Begin XCConfigurationList section */
		5F0DDBCD2DD9468700F6A709 /* Build configuration list for PBXNativeTarget "SimRuntimeHelper" */ = {
			isa = XCConfigurationList;
			buildConfigurations = (
				5F0DDBCB2DD9468700F6A709 /* Debug */,
				5F0DDBCC2DD9468700F6A709 /* Release */,
			);
			defaultConfigurationIsVisible = 0;
			defaultConfigurationName = Release;
		};
		5F19A80E2DEF018600D52D33 /* Build configuration list for PBXNativeTarget "hooks" */ = {
			isa = XCConfigurationList;
			buildConfigurations = (
				5F19A80F2DEF018600D52D33 /* Debug */,
				5F19A8102DEF018600D52D33 /* Release */,
			);
			defaultConfigurationIsVisible = 0;
			defaultConfigurationName = Release;
		};
		5FC346D02DC0A55100572D7F /* Build configuration list for PBXProject "simulator-trainer" */ = {
			isa = XCConfigurationList;
			buildConfigurations = (
				5FC346E62DC0A55400572D7F /* Debug */,
				5FC346E72DC0A55400572D7F /* Release */,
			);
			defaultConfigurationIsVisible = 0;
			defaultConfigurationName = Release;
		};
		5FC346E82DC0A55400572D7F /* Build configuration list for PBXNativeTarget "simulator-trainer" */ = {
			isa = XCConfigurationList;
			buildConfigurations = (
				5FC346E92DC0A55400572D7F /* Debug */,
				5FC346EA2DC0A55400572D7F /* Release */,
			);
			defaultConfigurationIsVisible = 0;
			defaultConfigurationName = Release;
		};
/* End XCConfigurationList section */
	};
	rootObject = 5FC346CD2DC0A55100572D7F /* Project object */;
}
